// !$*UTF8*$!
{
	archiveVersion = 1;
	classes = {
	};
	objectVersion = 56;
	objects = {

/* Begin PBXBuildFile section */
		DE584D982A419A7100FF92FC /* AppDelegate.swift in Sources */ = {isa = PBXBuildFile; fileRef = DE584D972A419A7100FF92FC /* AppDelegate.swift */; };
		DE584D9A2A419A7100FF92FC /* SceneDelegate.swift in Sources */ = {isa = PBXBuildFile; fileRef = DE584D992A419A7100FF92FC /* SceneDelegate.swift */; };
		DE584D9F2A419A7100FF92FC /* Main.storyboard in Resources */ = {isa = PBXBuildFile; fileRef = DE584D9D2A419A7100FF92FC /* Main.storyboard */; };
		DE584DA12A419A7200FF92FC /* Assets.xcassets in Resources */ = {isa = PBXBuildFile; fileRef = DE584DA02A419A7200FF92FC /* Assets.xcassets */; };
		DE584DA42A419A7200FF92FC /* LaunchScreen.storyboard in Resources */ = {isa = PBXBuildFile; fileRef = DE584DA22A419A7200FF92FC /* LaunchScreen.storyboard */; };
		DE584DB12A41A51300FF92FC /* Poppins-Regular.ttf in Resources */ = {isa = PBXBuildFile; fileRef = DE584DAD2A41A51300FF92FC /* Poppins-Regular.ttf */; };
		DE584DB22A41A51300FF92FC /* Poppins-SemiBold.ttf in Resources */ = {isa = PBXBuildFile; fileRef = DE584DAE2A41A51300FF92FC /* Poppins-SemiBold.ttf */; };
		DE584DB32A41A51300FF92FC /* Poppins-Bold.ttf in Resources */ = {isa = PBXBuildFile; fileRef = DE584DAF2A41A51300FF92FC /* Poppins-Bold.ttf */; };
		DE584DB42A41A51300FF92FC /* Poppins-Medium.ttf in Resources */ = {isa = PBXBuildFile; fileRef = DE584DB02A41A51300FF92FC /* Poppins-Medium.ttf */; };
		DE584DB92A41A7B100FF92FC /* HomeController.swift in Sources */ = {isa = PBXBuildFile; fileRef = DE584DB82A41A7B100FF92FC /* HomeController.swift */; };
		DE584DBB2A41A82700FF92FC /* HomeViewModel.swift in Sources */ = {isa = PBXBuildFile; fileRef = DE584DBA2A41A82700FF92FC /* HomeViewModel.swift */; };
		DE584DBF2A41A9A900FF92FC /* NetworkManager.swift in Sources */ = {isa = PBXBuildFile; fileRef = DE584DBE2A41A9A900FF92FC /* NetworkManager.swift */; };
		DE584DC12A41AA2100FF92FC /* NetworkHelper.swift in Sources */ = {isa = PBXBuildFile; fileRef = DE584DC02A41AA2100FF92FC /* NetworkHelper.swift */; };
		DE584DC42A41AE1900FF92FC /* Alamofire in Frameworks */ = {isa = PBXBuildFile; productRef = DE584DC32A41AE1900FF92FC /* Alamofire */; };
		DE584DC62A41B3A700FF92FC /* FavoriteViewModel.swift in Sources */ = {isa = PBXBuildFile; fileRef = DE584DC52A41B3A700FF92FC /* FavoriteViewModel.swift */; };
		DE584DC82A41C61300FF92FC /* Movie.swift in Sources */ = {isa = PBXBuildFile; fileRef = DE584DC72A41C61300FF92FC /* Movie.swift */; };
		DE584DCA2A41D1F900FF92FC /* HomeCell.swift in Sources */ = {isa = PBXBuildFile; fileRef = DE584DC92A41D1F900FF92FC /* HomeCell.swift */; };
		DE76416D2A44676500B86386 /* UIImageView+Extension.swift in Sources */ = {isa = PBXBuildFile; fileRef = DE76416C2A44676500B86386 /* UIImageView+Extension.swift */; };
		DE8450422A49D176005F32F1 /* HomeManager.swift in Sources */ = {isa = PBXBuildFile; fileRef = DE8450412A49D176005F32F1 /* HomeManager.swift */; };
		DE95D1832A431B8600A8A054 /* MovieCell.swift in Sources */ = {isa = PBXBuildFile; fileRef = DE95D1822A431B8600A8A054 /* MovieCell.swift */; };
		DE95D1862A4335C800A8A054 /* SDWebImage in Frameworks */ = {isa = PBXBuildFile; productRef = DE95D1852A4335C800A8A054 /* SDWebImage */; };
		DEFA13ED2A4829B4000A7252 /* PeopleController.swift in Sources */ = {isa = PBXBuildFile; fileRef = DEFA13EC2A4829B4000A7252 /* PeopleController.swift */; };
		DEFA13EF2A4829DD000A7252 /* PeopleViewModel.swift in Sources */ = {isa = PBXBuildFile; fileRef = DEFA13EE2A4829DD000A7252 /* PeopleViewModel.swift */; };
		DEFA13F42A4830FF000A7252 /* TopImageBottomLabelCell.swift in Sources */ = {isa = PBXBuildFile; fileRef = DEFA13F22A4830FF000A7252 /* TopImageBottomLabelCell.swift */; };
		DEFA13F52A4830FF000A7252 /* TopImageBottomLabelCell.xib in Resources */ = {isa = PBXBuildFile; fileRef = DEFA13F32A4830FF000A7252 /* TopImageBottomLabelCell.xib */; };
		DEFA13F72A483ED9000A7252 /* People.swift in Sources */ = {isa = PBXBuildFile; fileRef = DEFA13F62A483ED9000A7252 /* People.swift */; };
/* End PBXBuildFile section */

/* Begin PBXFileReference section */
		DE584D942A419A7100FF92FC /* MovieApp.app */ = {isa = PBXFileReference; explicitFileType = wrapper.application; includeInIndex = 0; path = MovieApp.app; sourceTree = BUILT_PRODUCTS_DIR; };
		DE584D972A419A7100FF92FC /* AppDelegate.swift */ = {isa = PBXFileReference; lastKnownFileType = sourcecode.swift; path = AppDelegate.swift; sourceTree = "<group>"; };
		DE584D992A419A7100FF92FC /* SceneDelegate.swift */ = {isa = PBXFileReference; lastKnownFileType = sourcecode.swift; path = SceneDelegate.swift; sourceTree = "<group>"; };
		DE584D9E2A419A7100FF92FC /* Base */ = {isa = PBXFileReference; lastKnownFileType = file.storyboard; name = Base; path = Base.lproj/Main.storyboard; sourceTree = "<group>"; };
		DE584DA02A419A7200FF92FC /* Assets.xcassets */ = {isa = PBXFileReference; lastKnownFileType = folder.assetcatalog; path = Assets.xcassets; sourceTree = "<group>"; };
		DE584DA32A419A7200FF92FC /* Base */ = {isa = PBXFileReference; lastKnownFileType = file.storyboard; name = Base; path = Base.lproj/LaunchScreen.storyboard; sourceTree = "<group>"; };
		DE584DA52A419A7200FF92FC /* Info.plist */ = {isa = PBXFileReference; lastKnownFileType = text.plist.xml; path = Info.plist; sourceTree = "<group>"; };
		DE584DAD2A41A51300FF92FC /* Poppins-Regular.ttf */ = {isa = PBXFileReference; lastKnownFileType = file; path = "Poppins-Regular.ttf"; sourceTree = "<group>"; };
		DE584DAE2A41A51300FF92FC /* Poppins-SemiBold.ttf */ = {isa = PBXFileReference; lastKnownFileType = file; path = "Poppins-SemiBold.ttf"; sourceTree = "<group>"; };
		DE584DAF2A41A51300FF92FC /* Poppins-Bold.ttf */ = {isa = PBXFileReference; lastKnownFileType = file; path = "Poppins-Bold.ttf"; sourceTree = "<group>"; };
		DE584DB02A41A51300FF92FC /* Poppins-Medium.ttf */ = {isa = PBXFileReference; lastKnownFileType = file; path = "Poppins-Medium.ttf"; sourceTree = "<group>"; };
		DE584DB82A41A7B100FF92FC /* HomeController.swift */ = {isa = PBXFileReference; lastKnownFileType = sourcecode.swift; path = HomeController.swift; sourceTree = "<group>"; };
		DE584DBA2A41A82700FF92FC /* HomeViewModel.swift */ = {isa = PBXFileReference; lastKnownFileType = sourcecode.swift; path = HomeViewModel.swift; sourceTree = "<group>"; };
		DE584DBE2A41A9A900FF92FC /* NetworkManager.swift */ = {isa = PBXFileReference; lastKnownFileType = sourcecode.swift; path = NetworkManager.swift; sourceTree = "<group>"; };
		DE584DC02A41AA2100FF92FC /* NetworkHelper.swift */ = {isa = PBXFileReference; lastKnownFileType = sourcecode.swift; path = NetworkHelper.swift; sourceTree = "<group>"; };
		DE584DC52A41B3A700FF92FC /* FavoriteViewModel.swift */ = {isa = PBXFileReference; lastKnownFileType = sourcecode.swift; path = FavoriteViewModel.swift; sourceTree = "<group>"; };
		DE584DC72A41C61300FF92FC /* Movie.swift */ = {isa = PBXFileReference; lastKnownFileType = sourcecode.swift; path = Movie.swift; sourceTree = "<group>"; };
		DE584DC92A41D1F900FF92FC /* HomeCell.swift */ = {isa = PBXFileReference; lastKnownFileType = sourcecode.swift; path = HomeCell.swift; sourceTree = "<group>"; };
		DE76416C2A44676500B86386 /* UIImageView+Extension.swift */ = {isa = PBXFileReference; lastKnownFileType = sourcecode.swift; path = "UIImageView+Extension.swift"; sourceTree = "<group>"; };
		DE8450412A49D176005F32F1 /* HomeManager.swift */ = {isa = PBXFileReference; lastKnownFileType = sourcecode.swift; path = HomeManager.swift; sourceTree = "<group>"; };
		DE95D1822A431B8600A8A054 /* MovieCell.swift */ = {isa = PBXFileReference; lastKnownFileType = sourcecode.swift; path = MovieCell.swift; sourceTree = "<group>"; };
		DEFA13EC2A4829B4000A7252 /* PeopleController.swift */ = {isa = PBXFileReference; lastKnownFileType = sourcecode.swift; path = PeopleController.swift; sourceTree = "<group>"; };
		DEFA13EE2A4829DD000A7252 /* PeopleViewModel.swift */ = {isa = PBXFileReference; lastKnownFileType = sourcecode.swift; path = PeopleViewModel.swift; sourceTree = "<group>"; };
		DEFA13F22A4830FF000A7252 /* TopImageBottomLabelCell.swift */ = {isa = PBXFileReference; lastKnownFileType = sourcecode.swift; path = TopImageBottomLabelCell.swift; sourceTree = "<group>"; };
		DEFA13F32A4830FF000A7252 /* TopImageBottomLabelCell.xib */ = {isa = PBXFileReference; lastKnownFileType = file.xib; path = TopImageBottomLabelCell.xib; sourceTree = "<group>"; };
		DEFA13F62A483ED9000A7252 /* People.swift */ = {isa = PBXFileReference; lastKnownFileType = sourcecode.swift; path = People.swift; sourceTree = "<group>"; };
/* End PBXFileReference section */

/* Begin PBXFrameworksBuildPhase section */
		DE584D912A419A7100FF92FC /* Frameworks */ = {
			isa = PBXFrameworksBuildPhase;
			buildActionMask = 2147483647;
			files = (
				DE95D1862A4335C800A8A054 /* SDWebImage in Frameworks */,
				DE584DC42A41AE1900FF92FC /* Alamofire in Frameworks */,
			);
			runOnlyForDeploymentPostprocessing = 0;
		};
/* End PBXFrameworksBuildPhase section */

/* Begin PBXGroup section */
		DE584D8B2A419A7100FF92FC = {
			isa = PBXGroup;
			children = (
				DE584D962A419A7100FF92FC /* MovieApp */,
				DE584D952A419A7100FF92FC /* Products */,
			);
			sourceTree = "<group>";
		};
		DE584D952A419A7100FF92FC /* Products */ = {
			isa = PBXGroup;
			children = (
				DE584D942A419A7100FF92FC /* MovieApp.app */,
			);
			name = Products;
			sourceTree = "<group>";
		};
		DE584D962A419A7100FF92FC /* MovieApp */ = {
			isa = PBXGroup;
			children = (
				DE584D972A419A7100FF92FC /* AppDelegate.swift */,
				DE584D992A419A7100FF92FC /* SceneDelegate.swift */,
				DE584DBC2A41A90F00FF92FC /* NetworkManager */,
				DE584DAB2A41A46900FF92FC /* Helper */,
				DE584DB52A41A67B00FF92FC /* Scene */,
				DE584D9D2A419A7100FF92FC /* Main.storyboard */,
				DE584DA02A419A7200FF92FC /* Assets.xcassets */,
				DE584DA22A419A7200FF92FC /* LaunchScreen.storyboard */,
				DE584DA52A419A7200FF92FC /* Info.plist */,
			);
			path = MovieApp;
			sourceTree = "<group>";
		};
		DE584DAB2A41A46900FF92FC /* Helper */ = {
			isa = PBXGroup;
			children = (
				DEFA13F02A483008000A7252 /* ResuableView */,
				DE584DAC2A41A49900FF92FC /* Fonts */,
				DE76416C2A44676500B86386 /* UIImageView+Extension.swift */,
			);
			path = Helper;
			sourceTree = "<group>";
		};
		DE584DAC2A41A49900FF92FC /* Fonts */ = {
			isa = PBXGroup;
			children = (
				DE584DAF2A41A51300FF92FC /* Poppins-Bold.ttf */,
				DE584DB02A41A51300FF92FC /* Poppins-Medium.ttf */,
				DE584DAD2A41A51300FF92FC /* Poppins-Regular.ttf */,
				DE584DAE2A41A51300FF92FC /* Poppins-SemiBold.ttf */,
			);
			path = Fonts;
			sourceTree = "<group>";
		};
		DE584DB52A41A67B00FF92FC /* Scene */ = {
			isa = PBXGroup;
			children = (
				DE584DB62A41A6F100FF92FC /* Home */,
				DE584DB72A41A6F800FF92FC /* Favorite */,
				DEFA13EB2A482913000A7252 /* People */,
			);
			path = Scene;
			sourceTree = "<group>";
		};
		DE584DB62A41A6F100FF92FC /* Home */ = {
			isa = PBXGroup;
			children = (
				DE584DC72A41C61300FF92FC /* Movie.swift */,
				DE584DB82A41A7B100FF92FC /* HomeController.swift */,
				DE584DBA2A41A82700FF92FC /* HomeViewModel.swift */,
				DE584DC92A41D1F900FF92FC /* HomeCell.swift */,
				DE95D1822A431B8600A8A054 /* MovieCell.swift */,
			);
			path = Home;
			sourceTree = "<group>";
		};
		DE584DB72A41A6F800FF92FC /* Favorite */ = {
			isa = PBXGroup;
			children = (
				DE584DC52A41B3A700FF92FC /* FavoriteViewModel.swift */,
			);
			path = Favorite;
			sourceTree = "<group>";
		};
		DE584DBC2A41A90F00FF92FC /* NetworkManager */ = {
			isa = PBXGroup;
			children = (
				DE584DBD2A41A94A00FF92FC /* Core */,
				DE8450402A49D14A005F32F1 /* HomeManager */,
			);
			path = NetworkManager;
			sourceTree = "<group>";
		};
		DE584DBD2A41A94A00FF92FC /* Core */ = {
			isa = PBXGroup;
			children = (
				DE584DC02A41AA2100FF92FC /* NetworkHelper.swift */,
				DE584DBE2A41A9A900FF92FC /* NetworkManager.swift */,
			);
			path = Core;
			sourceTree = "<group>";
		};
		DE8450402A49D14A005F32F1 /* HomeManager */ = {
			isa = PBXGroup;
			children = (
				DE8450412A49D176005F32F1 /* HomeManager.swift */,
			);
			path = HomeManager;
			sourceTree = "<group>";
		};
		DEFA13EB2A482913000A7252 /* People */ = {
			isa = PBXGroup;
			children = (
				DEFA13F62A483ED9000A7252 /* People.swift */,
				DEFA13EC2A4829B4000A7252 /* PeopleController.swift */,
				DEFA13EE2A4829DD000A7252 /* PeopleViewModel.swift */,
			);
			path = People;
			sourceTree = "<group>";
		};
		DEFA13F02A483008000A7252 /* ResuableView */ = {
			isa = PBXGroup;
			children = (
				DEFA13F12A483026000A7252 /* Cell */,
			);
			path = ResuableView;
			sourceTree = "<group>";
		};
		DEFA13F12A483026000A7252 /* Cell */ = {
			isa = PBXGroup;
			children = (
				DEFA13F22A4830FF000A7252 /* TopImageBottomLabelCell.swift */,
				DEFA13F32A4830FF000A7252 /* TopImageBottomLabelCell.xib */,
			);
			path = Cell;
			sourceTree = "<group>";
		};
/* End PBXGroup section */

/* Begin PBXNativeTarget section */
		DE584D932A419A7100FF92FC /* MovieApp */ = {
			isa = PBXNativeTarget;
			buildConfigurationList = DE584DA82A419A7200FF92FC /* Build configuration list for PBXNativeTarget "MovieApp" */;
			buildPhases = (
				DE584D902A419A7100FF92FC /* Sources */,
				DE584D912A419A7100FF92FC /* Frameworks */,
				DE584D922A419A7100FF92FC /* Resources */,
			);
			buildRules = (
			);
			dependencies = (
			);
			name = MovieApp;
			packageProductDependencies = (
				DE584DC32A41AE1900FF92FC /* Alamofire */,
				DE95D1852A4335C800A8A054 /* SDWebImage */,
			);
			productName = MovieApp;
			productReference = DE584D942A419A7100FF92FC /* MovieApp.app */;
			productType = "com.apple.product-type.application";
		};
/* End PBXNativeTarget section */

/* Begin PBXProject section */
		DE584D8C2A419A7100FF92FC /* Project object */ = {
			isa = PBXProject;
			attributes = {
				BuildIndependentTargetsInParallel = 1;
				LastSwiftUpdateCheck = 1430;
				LastUpgradeCheck = 1430;
				TargetAttributes = {
					DE584D932A419A7100FF92FC = {
						CreatedOnToolsVersion = 14.3.1;
					};
				};
			};
			buildConfigurationList = DE584D8F2A419A7100FF92FC /* Build configuration list for PBXProject "MovieApp" */;
			compatibilityVersion = "Xcode 14.0";
			developmentRegion = en;
			hasScannedForEncodings = 0;
			knownRegions = (
				en,
				Base,
			);
			mainGroup = DE584D8B2A419A7100FF92FC;
			packageReferences = (
				DE584DC22A41AE1900FF92FC /* XCRemoteSwiftPackageReference "Alamofire" */,
				DE95D1842A4335C800A8A054 /* XCRemoteSwiftPackageReference "SDWebImage" */,
			);
			productRefGroup = DE584D952A419A7100FF92FC /* Products */;
			projectDirPath = "";
			projectRoot = "";
			targets = (
				DE584D932A419A7100FF92FC /* MovieApp */,
			);
		};
/* End PBXProject section */

/* Begin PBXResourcesBuildPhase section */
		DE584D922A419A7100FF92FC /* Resources */ = {
			isa = PBXResourcesBuildPhase;
			buildActionMask = 2147483647;
			files = (
				DE584DB22A41A51300FF92FC /* Poppins-SemiBold.ttf in Resources */,
				DE584DB42A41A51300FF92FC /* Poppins-Medium.ttf in Resources */,
				DE584DB32A41A51300FF92FC /* Poppins-Bold.ttf in Resources */,
				DE584DA42A419A7200FF92FC /* LaunchScreen.storyboard in Resources */,
				DE584DA12A419A7200FF92FC /* Assets.xcassets in Resources */,
				DE584D9F2A419A7100FF92FC /* Main.storyboard in Resources */,
				DE584DB12A41A51300FF92FC /* Poppins-Regular.ttf in Resources */,
				DEFA13F52A4830FF000A7252 /* TopImageBottomLabelCell.xib in Resources */,
			);
			runOnlyForDeploymentPostprocessing = 0;
		};
/* End PBXResourcesBuildPhase section */

/* Begin PBXSourcesBuildPhase section */
		DE584D902A419A7100FF92FC /* Sources */ = {
			isa = PBXSourcesBuildPhase;
			buildActionMask = 2147483647;
			files = (
				DE8450422A49D176005F32F1 /* HomeManager.swift in Sources */,
				DEFA13EF2A4829DD000A7252 /* PeopleViewModel.swift in Sources */,
				DE584D982A419A7100FF92FC /* AppDelegate.swift in Sources */,
				DE584D9A2A419A7100FF92FC /* SceneDelegate.swift in Sources */,
				DEFA13ED2A4829B4000A7252 /* PeopleController.swift in Sources */,
				DEFA13F72A483ED9000A7252 /* People.swift in Sources */,
				DE584DBF2A41A9A900FF92FC /* NetworkManager.swift in Sources */,
				DE584DB92A41A7B100FF92FC /* HomeController.swift in Sources */,
				DE584DC12A41AA2100FF92FC /* NetworkHelper.swift in Sources */,
				DE584DBB2A41A82700FF92FC /* HomeViewModel.swift in Sources */,
				DE584DC82A41C61300FF92FC /* Movie.swift in Sources */,
				DEFA13F42A4830FF000A7252 /* TopImageBottomLabelCell.swift in Sources */,
				DE584DCA2A41D1F900FF92FC /* HomeCell.swift in Sources */,
				DE95D1832A431B8600A8A054 /* MovieCell.swift in Sources */,
				DE584DC62A41B3A700FF92FC /* FavoriteViewModel.swift in Sources */,
				DE76416D2A44676500B86386 /* UIImageView+Extension.swift in Sources */,
			);
			runOnlyForDeploymentPostprocessing = 0;
		};
/* End PBXSourcesBuildPhase section */

/* Begin PBXVariantGroup section */
		DE584D9D2A419A7100FF92FC /* Main.storyboard */ = {
			isa = PBXVariantGroup;
			children = (
				DE584D9E2A419A7100FF92FC /* Base */,
			);
			name = Main.storyboard;
			sourceTree = "<group>";
		};
		DE584DA22A419A7200FF92FC /* LaunchScreen.storyboard */ = {
			isa = PBXVariantGroup;
			children = (
				DE584DA32A419A7200FF92FC /* Base */,
			);
			name = LaunchScreen.storyboard;
			sourceTree = "<group>";
		};
/* End PBXVariantGroup section */

/* Begin XCBuildConfiguration section */
		DE584DA62A419A7200FF92FC /* Debug */ = {
			isa = XCBuildConfiguration;
			buildSettings = {
				ALWAYS_SEARCH_USER_PATHS = NO;
				CLANG_ANALYZER_NONNULL = YES;
				CLANG_ANALYZER_NUMBER_OBJECT_CONVERSION = YES_AGGRESSIVE;
				CLANG_CXX_LANGUAGE_STANDARD = "gnu++20";
				CLANG_ENABLE_MODULES = YES;
				CLANG_ENABLE_OBJC_ARC = YES;
				CLANG_ENABLE_OBJC_WEAK = YES;
				CLANG_WARN_BLOCK_CAPTURE_AUTORELEASING = YES;
				CLANG_WARN_BOOL_CONVERSION = YES;
				CLANG_WARN_COMMA = YES;
				CLANG_WARN_CONSTANT_CONVERSION = YES;
				CLANG_WARN_DEPRECATED_OBJC_IMPLEMENTATIONS = YES;
				CLANG_WARN_DIRECT_OBJC_ISA_USAGE = YES_ERROR;
				CLANG_WARN_DOCUMENTATION_COMMENTS = YES;
				CLANG_WARN_EMPTY_BODY = YES;
				CLANG_WARN_ENUM_CONVERSION = YES;
				CLANG_WARN_INFINITE_RECURSION = YES;
				CLANG_WARN_INT_CONVERSION = YES;
				CLANG_WARN_NON_LITERAL_NULL_CONVERSION = YES;
				CLANG_WARN_OBJC_IMPLICIT_RETAIN_SELF = YES;
				CLANG_WARN_OBJC_LITERAL_CONVERSION = YES;
				CLANG_WARN_OBJC_ROOT_CLASS = YES_ERROR;
				CLANG_WARN_QUOTED_INCLUDE_IN_FRAMEWORK_HEADER = YES;
				CLANG_WARN_RANGE_LOOP_ANALYSIS = YES;
				CLANG_WARN_STRICT_PROTOTYPES = YES;
				CLANG_WARN_SUSPICIOUS_MOVE = YES;
				CLANG_WARN_UNGUARDED_AVAILABILITY = YES_AGGRESSIVE;
				CLANG_WARN_UNREACHABLE_CODE = YES;
				CLANG_WARN__DUPLICATE_METHOD_MATCH = YES;
				COPY_PHASE_STRIP = NO;
				DEBUG_INFORMATION_FORMAT = dwarf;
				ENABLE_STRICT_OBJC_MSGSEND = YES;
				ENABLE_TESTABILITY = YES;
				GCC_C_LANGUAGE_STANDARD = gnu11;
				GCC_DYNAMIC_NO_PIC = NO;
				GCC_NO_COMMON_BLOCKS = YES;
				GCC_OPTIMIZATION_LEVEL = 0;
				GCC_PREPROCESSOR_DEFINITIONS = (
					"DEBUG=1",
					"$(inherited)",
				);
				GCC_WARN_64_TO_32_BIT_CONVERSION = YES;
				GCC_WARN_ABOUT_RETURN_TYPE = YES_ERROR;
				GCC_WARN_UNDECLARED_SELECTOR = YES;
				GCC_WARN_UNINITIALIZED_AUTOS = YES_AGGRESSIVE;
				GCC_WARN_UNUSED_FUNCTION = YES;
				GCC_WARN_UNUSED_VARIABLE = YES;
				IPHONEOS_DEPLOYMENT_TARGET = 16.4;
				MTL_ENABLE_DEBUG_INFO = INCLUDE_SOURCE;
				MTL_FAST_MATH = YES;
				ONLY_ACTIVE_ARCH = YES;
				SDKROOT = iphoneos;
				SWIFT_ACTIVE_COMPILATION_CONDITIONS = DEBUG;
				SWIFT_OPTIMIZATION_LEVEL = "-Onone";
			};
			name = Debug;
		};
		DE584DA72A419A7200FF92FC /* Release */ = {
			isa = XCBuildConfiguration;
			buildSettings = {
				ALWAYS_SEARCH_USER_PATHS = NO;
				CLANG_ANALYZER_NONNULL = YES;
				CLANG_ANALYZER_NUMBER_OBJECT_CONVERSION = YES_AGGRESSIVE;
				CLANG_CXX_LANGUAGE_STANDARD = "gnu++20";
				CLANG_ENABLE_MODULES = YES;
				CLANG_ENABLE_OBJC_ARC = YES;
				CLANG_ENABLE_OBJC_WEAK = YES;
				CLANG_WARN_BLOCK_CAPTURE_AUTORELEASING = YES;
				CLANG_WARN_BOOL_CONVERSION = YES;
				CLANG_WARN_COMMA = YES;
				CLANG_WARN_CONSTANT_CONVERSION = YES;
				CLANG_WARN_DEPRECATED_OBJC_IMPLEMENTATIONS = YES;
				CLANG_WARN_DIRECT_OBJC_ISA_USAGE = YES_ERROR;
				CLANG_WARN_DOCUMENTATION_COMMENTS = YES;
				CLANG_WARN_EMPTY_BODY = YES;
				CLANG_WARN_ENUM_CONVERSION = YES;
				CLANG_WARN_INFINITE_RECURSION = YES;
				CLANG_WARN_INT_CONVERSION = YES;
				CLANG_WARN_NON_LITERAL_NULL_CONVERSION = YES;
				CLANG_WARN_OBJC_IMPLICIT_RETAIN_SELF = YES;
				CLANG_WARN_OBJC_LITERAL_CONVERSION = YES;
				CLANG_WARN_OBJC_ROOT_CLASS = YES_ERROR;
				CLANG_WARN_QUOTED_INCLUDE_IN_FRAMEWORK_HEADER = YES;
				CLANG_WARN_RANGE_LOOP_ANALYSIS = YES;
				CLANG_WARN_STRICT_PROTOTYPES = YES;
				CLANG_WARN_SUSPICIOUS_MOVE = YES;
				CLANG_WARN_UNGUARDED_AVAILABILITY = YES_AGGRESSIVE;
				CLANG_WARN_UNREACHABLE_CODE = YES;
				CLANG_WARN__DUPLICATE_METHOD_MATCH = YES;
				COPY_PHASE_STRIP = NO;
				DEBUG_INFORMATION_FORMAT = "dwarf-with-dsym";
				ENABLE_NS_ASSERTIONS = NO;
				ENABLE_STRICT_OBJC_MSGSEND = YES;
				GCC_C_LANGUAGE_STANDARD = gnu11;
				GCC_NO_COMMON_BLOCKS = YES;
				GCC_WARN_64_TO_32_BIT_CONVERSION = YES;
				GCC_WARN_ABOUT_RETURN_TYPE = YES_ERROR;
				GCC_WARN_UNDECLARED_SELECTOR = YES;
				GCC_WARN_UNINITIALIZED_AUTOS = YES_AGGRESSIVE;
				GCC_WARN_UNUSED_FUNCTION = YES;
				GCC_WARN_UNUSED_VARIABLE = YES;
				IPHONEOS_DEPLOYMENT_TARGET = 16.4;
				MTL_ENABLE_DEBUG_INFO = NO;
				MTL_FAST_MATH = YES;
				SDKROOT = iphoneos;
				SWIFT_COMPILATION_MODE = wholemodule;
				SWIFT_OPTIMIZATION_LEVEL = "-O";
				VALIDATE_PRODUCT = YES;
			};
			name = Release;
		};
		DE584DA92A419A7200FF92FC /* Debug */ = {
			isa = XCBuildConfiguration;
			buildSettings = {
				ASSETCATALOG_COMPILER_APPICON_NAME = AppIcon;
				ASSETCATALOG_COMPILER_GLOBAL_ACCENT_COLOR_NAME = AccentColor;
				CODE_SIGN_STYLE = Automatic;
				CURRENT_PROJECT_VERSION = 1;
				DEVELOPMENT_TEAM = 6CBZZ2956M;
				GENERATE_INFOPLIST_FILE = YES;
				INFOPLIST_FILE = MovieApp/Info.plist;
				INFOPLIST_KEY_UIApplicationSupportsIndirectInputEvents = YES;
				INFOPLIST_KEY_UILaunchStoryboardName = LaunchScreen;
				INFOPLIST_KEY_UIMainStoryboardFile = Main;
				INFOPLIST_KEY_UISupportedInterfaceOrientations_iPad = "UIInterfaceOrientationPortrait UIInterfaceOrientationPortraitUpsideDown UIInterfaceOrientationLandscapeLeft UIInterfaceOrientationLandscapeRight";
				INFOPLIST_KEY_UISupportedInterfaceOrientations_iPhone = "UIInterfaceOrientationPortrait UIInterfaceOrientationLandscapeLeft UIInterfaceOrientationLandscapeRight";
				LD_RUNPATH_SEARCH_PATHS = (
					"$(inherited)",
					"@executable_path/Frameworks",
				);
				MARKETING_VERSION = 1.0;
				PRODUCT_BUNDLE_IDENTIFIER = com.raminagazade.MovieApp;
				PRODUCT_NAME = "$(TARGET_NAME)";
				SWIFT_EMIT_LOC_STRINGS = YES;
				SWIFT_VERSION = 5.0;
				TARGETED_DEVICE_FAMILY = "1,2";
			};
			name = Debug;
		};
		DE584DAA2A419A7200FF92FC /* Release */ = {
			isa = XCBuildConfiguration;
			buildSettings = {
				ASSETCATALOG_COMPILER_APPICON_NAME = AppIcon;
				ASSETCATALOG_COMPILER_GLOBAL_ACCENT_COLOR_NAME = AccentColor;
				CODE_SIGN_STYLE = Automatic;
				CURRENT_PROJECT_VERSION = 1;
				DEVELOPMENT_TEAM = 6CBZZ2956M;
				GENERATE_INFOPLIST_FILE = YES;
				INFOPLIST_FILE = MovieApp/Info.plist;
				INFOPLIST_KEY_UIApplicationSupportsIndirectInputEvents = YES;
				INFOPLIST_KEY_UILaunchStoryboardName = LaunchScreen;
				INFOPLIST_KEY_UIMainStoryboardFile = Main;
				INFOPLIST_KEY_UISupportedInterfaceOrientations_iPad = "UIInterfaceOrientationPortrait UIInterfaceOrientationPortraitUpsideDown UIInterfaceOrientationLandscapeLeft UIInterfaceOrientationLandscapeRight";
				INFOPLIST_KEY_UISupportedInterfaceOrientations_iPhone = "UIInterfaceOrientationPortrait UIInterfaceOrientationLandscapeLeft UIInterfaceOrientationLandscapeRight";
				LD_RUNPATH_SEARCH_PATHS = (
					"$(inherited)",
					"@executable_path/Frameworks",
				);
				MARKETING_VERSION = 1.0;
				PRODUCT_BUNDLE_IDENTIFIER = com.raminagazade.MovieApp;
				PRODUCT_NAME = "$(TARGET_NAME)";
				SWIFT_EMIT_LOC_STRINGS = YES;
				SWIFT_VERSION = 5.0;
				TARGETED_DEVICE_FAMILY = "1,2";
			};
			name = Release;
		};
/* End XCBuildConfiguration section */

/* Begin XCConfigurationList section */
		DE584D8F2A419A7100FF92FC /* Build configuration list for PBXProject "MovieApp" */ = {
			isa = XCConfigurationList;
			buildConfigurations = (
				DE584DA62A419A7200FF92FC /* Debug */,
				DE584DA72A419A7200FF92FC /* Release */,
			);
			defaultConfigurationIsVisible = 0;
			defaultConfigurationName = Release;
		};
		DE584DA82A419A7200FF92FC /* Build configuration list for PBXNativeTarget "MovieApp" */ = {
			isa = XCConfigurationList;
			buildConfigurations = (
				DE584DA92A419A7200FF92FC /* Debug */,
				DE584DAA2A419A7200FF92FC /* Release */,
			);
			defaultConfigurationIsVisible = 0;
			defaultConfigurationName = Release;
		};
/* End XCConfigurationList section */

/* Begin XCRemoteSwiftPackageReference section */
		DE584DC22A41AE1900FF92FC /* XCRemoteSwiftPackageReference "Alamofire" */ = {
			isa = XCRemoteSwiftPackageReference;
			repositoryURL = "https://github.com/Alamofire/Alamofire.git";
			requirement = {
				kind = upToNextMajorVersion;
				minimumVersion = 5.0.0;
			};
		};
		DE95D1842A4335C800A8A054 /* XCRemoteSwiftPackageReference "SDWebImage" */ = {
			isa = XCRemoteSwiftPackageReference;
			repositoryURL = "https://github.com/SDWebImage/SDWebImage.git";
			requirement = {
				kind = upToNextMajorVersion;
				minimumVersion = 5.0.0;
			};
		};
/* End XCRemoteSwiftPackageReference section */

/* Begin XCSwiftPackageProductDependency section */
		DE584DC32A41AE1900FF92FC /* Alamofire */ = {
			isa = XCSwiftPackageProductDependency;
			package = DE584DC22A41AE1900FF92FC /* XCRemoteSwiftPackageReference "Alamofire" */;
			productName = Alamofire;
		};
		DE95D1852A4335C800A8A054 /* SDWebImage */ = {
			isa = XCSwiftPackageProductDependency;
			package = DE95D1842A4335C800A8A054 /* XCRemoteSwiftPackageReference "SDWebImage" */;
			productName = SDWebImage;
		};
/* End XCSwiftPackageProductDependency section */
	};
	rootObject = DE584D8C2A419A7100FF92FC /* Project object */;
}
